# THIS IS AN AUTOGENERATED FILE. DO NOT EDIT THIS FILE DIRECTLY.
# yarn lockfile v1


"@types/jquery@*", "@types/jquery@^3.2.12":
  version "3.3.1"
  resolved "https://registry.yarnpkg.com/@types/jquery/-/jquery-3.3.1.tgz#55758d44d422756d6329cbf54e6d41931d7ba28f"

"@types/materialize-css@^0.100.4":
  version "0.100.4"
  resolved "https://registry.yarnpkg.com/@types/materialize-css/-/materialize-css-0.100.4.tgz#0916aa6f78200539b05b00caf682187db11b0802"
  dependencies:
    "@types/jquery" "*"
    "@types/pickadate" "*"

"@types/pickadate@*":
  version "3.5.31"
  resolved "https://registry.yarnpkg.com/@types/pickadate/-/pickadate-3.5.31.tgz#b5d0c1b0f2b07653d41fded4aad2e86346a4247c"
  dependencies:
    "@types/jquery" "*"

hammerjs@^2.0.8:
  version "2.0.8"
  resolved "https://registry.yarnpkg.com/hammerjs/-/hammerjs-2.0.8.tgz#04ef77862cff2bb79d30f7692095930222bf60f1"

"jquery@^3.0.0 || ^2.1.4":
  version "3.3.1"
  resolved "https://registry.yarnpkg.com/jquery/-/jquery-3.3.1.tgz#958ce29e81c9790f31be7792df5d4d95fc57fbca"

materialize-css@^0.100.2:
  version "0.100.2"
  resolved "https://registry.yarnpkg.com/materialize-css/-/materialize-css-0.100.2.tgz#9ca32b24904c9a04491fc7d0a2e9402e7b1dae07"
  dependencies:
    hammerjs "^2.0.8"
    jquery "^3.0.0 || ^2.1.4"
